
Microsoft Visual Studio Solution File, Format Version 12.00
# Visual Studio 2012
Project("{FAE04EC0-301F-11D3-BF4B-00C04F79EFBC}") = "ShooterContent", "Shooter\ShooterContent\ShooterContent.contentproj", "{301A0986-067D-486C-9FDE-689861944A3A}"
EndProject
Project("{FAE04EC0-301F-11D3-BF4B-00C04F79EFBC}") = "Shooter_Xbox", "Shooter\Shooter\Shooter_Xbox.csproj", "{380BC407-8168-4DEF-B48A-1AA2E7484F7A}"
EndProject
Project("{FAE04EC0-301F-11D3-BF4B-00C04F79EFBC}") = "Shooter_Win", "Shooter\Shooter\Shooter_Win.csproj", "{4C5A3B73-5982-4B76-8508-F8095EADEE61}"
EndProject
Global
	GlobalSection(SolutionConfigurationPlatforms) = preSolution
		Debug|Mixed Platforms = Debug|Mixed Platforms
		Debug|x86 = Debug|x86
		Debug|Xbox 360 = Debug|Xbox 360
		Release|Mixed Platforms = Release|Mixed Platforms
		Release|x86 = Release|x86
		Release|Xbox 360 = Release|Xbox 360
	EndGlobalSection
	GlobalSection(ProjectConfigurationPlatforms) = postSolution
		{301A0986-067D-486C-9FDE-689861944A3A}.Debug|Mixed Platforms.ActiveCfg = Debug|x86
		{301A0986-067D-486C-9FDE-689861944A3A}.Debug|x86.ActiveCfg = Debug|x86
		{301A0986-067D-486C-9FDE-689861944A3A}.Debug|Xbox 360.ActiveCfg = Debug|x86
		{301A0986-067D-486C-9FDE-689861944A3A}.Release|Mixed Platforms.ActiveCfg = Release|x86
		{301A0986-067D-486C-9FDE-689861944A3A}.Release|x86.ActiveCfg = Release|x86
		{301A0986-067D-486C-9FDE-689861944A3A}.Release|Xbox 360.ActiveCfg = Release|x86
		{380BC407-8168-4DEF-B48A-1AA2E7484F7A}.Debug|Mixed Platforms.ActiveCfg = Debug|Xbox 360
		{380BC407-8168-4DEF-B48A-1AA2E7484F7A}.Debug|Mixed Platforms.Build.0 = Debug|Xbox 360
		{380BC407-8168-4DEF-B48A-1AA2E7484F7A}.Debug|Mixed Platforms.Deploy.0 = Debug|Xbox 360
		{380BC407-8168-4DEF-B48A-1AA2E7484F7A}.Debug|x86.ActiveCfg = Debug|Xbox 360
		{380BC407-8168-4DEF-B48A-1AA2E7484F7A}.Debug|x86.Build.0 = Debug|Xbox 360
		{380BC407-8168-4DEF-B48A-1AA2E7484F7A}.Debug|Xbox 360.ActiveCfg = Debug|Xbox 360
		{380BC407-8168-4DEF-B48A-1AA2E7484F7A}.Debug|Xbox 360.Build.0 = Debug|Xbox 360
		{380BC407-8168-4DEF-B48A-1AA2E7484F7A}.Debug|Xbox 360.Deploy.0 = Debug|Xbox 360
		{380BC407-8168-4DEF-B48A-1AA2E7484F7A}.Release|Mixed Platforms.ActiveCfg = Release|Xbox 360
		{380BC407-8168-4DEF-B48A-1AA2E7484F7A}.Release|Mixed Platforms.Build.0 = Release|Xbox 360
		{380BC407-8168-4DEF-B48A-1AA2E7484F7A}.Release|Mixed Platforms.Deploy.0 = Release|Xbox 360
		{380BC407-8168-4DEF-B48A-1AA2E7484F7A}.Release|x86.ActiveCfg = Release|Xbox 360
		{380BC407-8168-4DEF-B48A-1AA2E7484F7A}.Release|x86.Build.0 = Release|Xbox 360
		{380BC407-8168-4DEF-B48A-1AA2E7484F7A}.Release|Xbox 360.ActiveCfg = Release|Xbox 360
		{380BC407-8168-4DEF-B48A-1AA2E7484F7A}.Release|Xbox 360.Build.0 = Release|Xbox 360
		{380BC407-8168-4DEF-B48A-1AA2E7484F7A}.Release|Xbox 360.Deploy.0 = Release|Xbox 360
		{4C5A3B73-5982-4B76-8508-F8095EADEE61}.Debug|Mixed Platforms.ActiveCfg = Debug|x86
		{4C5A3B73-5982-4B76-8508-F8095EADEE61}.Debug|Mixed Platforms.Build.0 = Debug|x86
		{4C5A3B73-5982-4B76-8508-F8095EADEE61}.Debug|x86.ActiveCfg = Debug|x86
		{4C5A3B73-5982-4B76-8508-F8095EADEE61}.Debug|x86.Build.0 = Debug|x86
		{4C5A3B73-5982-4B76-8508-F8095EADEE61}.Debug|Xbox 360.ActiveCfg = Debug|x86
		{4C5A3B73-5982-4B76-8508-F8095EADEE61}.Debug|Xbox 360.Build.0 = Debug|x86
		{4C5A3B73-5982-4B76-8508-F8095EADEE61}.Release|Mixed Platforms.ActiveCfg = Release|x86
		{4C5A3B73-5982-4B76-8508-F8095EADEE61}.Release|Mixed Platforms.Build.0 = Release|x86
		{4C5A3B73-5982-4B76-8508-F8095EADEE61}.Release|x86.ActiveCfg = Release|x86
		{4C5A3B73-5982-4B76-8508-F8095EADEE61}.Release|x86.Build.0 = Release|x86
		{4C5A3B73-5982-4B76-8508-F8095EADEE61}.Release|Xbox 360.ActiveCfg = Release|x86
		{4C5A3B73-5982-4B76-8508-F8095EADEE61}.Release|Xbox 360.Build.0 = Release|x86
	EndGlobalSection
	GlobalSection(SolutionProperties) = preSolution
		HideSolutionNode = FALSE
	EndGlobalSection
EndGlobal
